// !$*UTF8*$!
{
	archiveVersion = 1;
	classes = {
	};
	objectVersion = 56;
	objects = {

/* Begin PBXBuildFile section */
		B0010001 /* HermesApp.swift in Sources */ = {isa = PBXBuildFile; fileRef = F0010001 /* HermesApp.swift */; };
		B0010002 /* Theme.swift in Sources */ = {isa = PBXBuildFile; fileRef = F0010002 /* Theme.swift */; };
		B0010003 /* Paper.swift in Sources */ = {isa = PBXBuildFile; fileRef = F0010003 /* Paper.swift */; };
		B0010004 /* Event.swift in Sources */ = {isa = PBXBuildFile; fileRef = F0010004 /* Event.swift */; };
		B0010005 /* Job.swift in Sources */ = {isa = PBXBuildFile; fileRef = F0010005 /* Job.swift */; };
		B0010006 /* UserProfile.swift in Sources */ = {isa = PBXBuildFile; fileRef = F0010006 /* UserProfile.swift */; };
		B0010007 /* FeedState.swift in Sources */ = {isa = PBXBuildFile; fileRef = F0010007 /* FeedState.swift */; };
		B0010008 /* ProfileState.swift in Sources */ = {isa = PBXBuildFile; fileRef = F0010008 /* ProfileState.swift */; };
		B0010009 /* RecommendationService.swift in Sources */ = {isa = PBXBuildFile; fileRef = F0010009 /* RecommendationService.swift */; };
		B001000A /* MainTabView.swift in Sources */ = {isa = PBXBuildFile; fileRef = F001000A /* MainTabView.swift */; };
		B001000B /* DiscoveryView.swift in Sources */ = {isa = PBXBuildFile; fileRef = F001000B /* DiscoveryView.swift */; };
		B001000C /* FeedCardView.swift in Sources */ = {isa = PBXBuildFile; fileRef = F001000C /* FeedCardView.swift */; };
		B001000D /* PapersSectionView.swift in Sources */ = {isa = PBXBuildFile; fileRef = F001000D /* PapersSectionView.swift */; };
		B001000E /* EventsSectionView.swift in Sources */ = {isa = PBXBuildFile; fileRef = F001000E /* EventsSectionView.swift */; };
		B001000F /* JobsSectionView.swift in Sources */ = {isa = PBXBuildFile; fileRef = F001000F /* JobsSectionView.swift */; };
		B0010010 /* PaperDetailView.swift in Sources */ = {isa = PBXBuildFile; fileRef = F0010010 /* PaperDetailView.swift */; };
		B0010011 /* EventDetailView.swift in Sources */ = {isa = PBXBuildFile; fileRef = F0010011 /* EventDetailView.swift */; };
		B0010012 /* JobDetailView.swift in Sources */ = {isa = PBXBuildFile; fileRef = F0010012 /* JobDetailView.swift */; };
		B0010013 /* ProfileView.swift in Sources */ = {isa = PBXBuildFile; fileRef = F0010013 /* ProfileView.swift */; };
		B0010014 /* Assets.xcassets in Resources */ = {isa = PBXBuildFile; fileRef = F0010014 /* Assets.xcassets */; };
/* End PBXBuildFile section */

/* Begin PBXFileReference section */
		E0010000 /* Hermes.app */ = {isa = PBXFileReference; explicitFileType = wrapper.application; includeInIndex = 0; path = Hermes.app; sourceTree = BUILT_PRODUCTS_DIR; };
		F0010001 /* HermesApp.swift */ = {isa = PBXFileReference; lastKnownFileType = sourcecode.swift; path = HermesApp.swift; sourceTree = "<group>"; };
		F0010002 /* Theme.swift */ = {isa = PBXFileReference; lastKnownFileType = sourcecode.swift; path = Theme.swift; sourceTree = "<group>"; };
		F0010003 /* Paper.swift */ = {isa = PBXFileReference; lastKnownFileType = sourcecode.swift; path = Paper.swift; sourceTree = "<group>"; };
		F0010004 /* Event.swift */ = {isa = PBXFileReference; lastKnownFileType = sourcecode.swift; path = Event.swift; sourceTree = "<group>"; };
		F0010005 /* Job.swift */ = {isa = PBXFileReference; lastKnownFileType = sourcecode.swift; path = Job.swift; sourceTree = "<group>"; };
		F0010006 /* UserProfile.swift */ = {isa = PBXFileReference; lastKnownFileType = sourcecode.swift; path = UserProfile.swift; sourceTree = "<group>"; };
		F0010007 /* FeedState.swift */ = {isa = PBXFileReference; lastKnownFileType = sourcecode.swift; path = FeedState.swift; sourceTree = "<group>"; };
		F0010008 /* ProfileState.swift */ = {isa = PBXFileReference; lastKnownFileType = sourcecode.swift; path = ProfileState.swift; sourceTree = "<group>"; };
		F0010009 /* RecommendationService.swift */ = {isa = PBXFileReference; lastKnownFileType = sourcecode.swift; path = RecommendationService.swift; sourceTree = "<group>"; };
		F001000A /* MainTabView.swift */ = {isa = PBXFileReference; lastKnownFileType = sourcecode.swift; path = MainTabView.swift; sourceTree = "<group>"; };
		F001000B /* DiscoveryView.swift */ = {isa = PBXFileReference; lastKnownFileType = sourcecode.swift; path = DiscoveryView.swift; sourceTree = "<group>"; };
		F001000C /* FeedCardView.swift */ = {isa = PBXFileReference; lastKnownFileType = sourcecode.swift; path = FeedCardView.swift; sourceTree = "<group>"; };
		F001000D /* PapersSectionView.swift */ = {isa = PBXFileReference; lastKnownFileType = sourcecode.swift; path = PapersSectionView.swift; sourceTree = "<group>"; };
		F001000E /* EventsSectionView.swift */ = {isa = PBXFileReference; lastKnownFileType = sourcecode.swift; path = EventsSectionView.swift; sourceTree = "<group>"; };
		F001000F /* JobsSectionView.swift */ = {isa = PBXFileReference; lastKnownFileType = sourcecode.swift; path = JobsSectionView.swift; sourceTree = "<group>"; };
		F0010010 /* PaperDetailView.swift */ = {isa = PBXFileReference; lastKnownFileType = sourcecode.swift; path = PaperDetailView.swift; sourceTree = "<group>"; };
		F0010011 /* EventDetailView.swift */ = {isa = PBXFileReference; lastKnownFileType = sourcecode.swift; path = EventDetailView.swift; sourceTree = "<group>"; };
		F0010012 /* JobDetailView.swift */ = {isa = PBXFileReference; lastKnownFileType = sourcecode.swift; path = JobDetailView.swift; sourceTree = "<group>"; };
		F0010013 /* ProfileView.swift */ = {isa = PBXFileReference; lastKnownFileType = sourcecode.swift; path = ProfileView.swift; sourceTree = "<group>"; };
		F0010014 /* Assets.xcassets */ = {isa = PBXFileReference; lastKnownFileType = folder.assetcatalog; path = Assets.xcassets; sourceTree = "<group>"; };
/* End PBXFileReference section */

/* Begin PBXFrameworksBuildPhase section */
		D0010001 /* Frameworks */ = {
			isa = PBXFrameworksBuildPhase;
			buildActionMask = 2147483647;
			files = (
			);
			runOnlyForDeploymentPostprocessing = 0;
		};
/* End PBXFrameworksBuildPhase section */

/* Begin PBXGroup section */
		G0010000 = {
			isa = PBXGroup;
			children = (
				G0010001 /* Hermes */,
				G0010002 /* Products */,
			);
			sourceTree = "<group>";
		};
		G0010001 /* Hermes */ = {
			isa = PBXGroup;
			children = (
				G0010003 /* App */,
				G0010004 /* Models */,
				G0010005 /* State */,
				G0010006 /* Services */,
				G0010007 /* Theme */,
				G0010008 /* Views */,
				F0010014 /* Assets.xcassets */,
			);
			path = Hermes;
			sourceTree = "<group>";
		};
		G0010002 /* Products */ = {
			isa = PBXGroup;
			children = (
				E0010000 /* Hermes.app */,
			);
			name = Products;
			sourceTree = "<group>";
		};
		G0010003 /* App */ = {
			isa = PBXGroup;
			children = (
				F0010001 /* HermesApp.swift */,
			);
			path = App;
			sourceTree = "<group>";
		};
		G0010004 /* Models */ = {
			isa = PBXGroup;
			children = (
				F0010003 /* Paper.swift */,
				F0010004 /* Event.swift */,
				F0010005 /* Job.swift */,
				F0010006 /* UserProfile.swift */,
			);
			path = Models;
			sourceTree = "<group>";
		};
		G0010005 /* State */ = {
			isa = PBXGroup;
			children = (
				F0010007 /* FeedState.swift */,
				F0010008 /* ProfileState.swift */,
			);
			path = State;
			sourceTree = "<group>";
		};
		G0010006 /* Services */ = {
			isa = PBXGroup;
			children = (
				F0010009 /* RecommendationService.swift */,
			);
			path = Services;
			sourceTree = "<group>";
		};
		G0010007 /* Theme */ = {
			isa = PBXGroup;
			children = (
				F0010002 /* Theme.swift */,
			);
			path = Theme;
			sourceTree = "<group>";
		};
		G0010008 /* Views */ = {
			isa = PBXGroup;
			children = (
				F001000A /* MainTabView.swift */,
				G0010009 /* Discovery */,
				G001000A /* Detail */,
				G001000B /* Profile */,
			);
			path = Views;
			sourceTree = "<group>";
		};
		G0010009 /* Discovery */ = {
			isa = PBXGroup;
			children = (
				F001000B /* DiscoveryView.swift */,
				F001000C /* FeedCardView.swift */,
				F001000D /* PapersSectionView.swift */,
				F001000E /* EventsSectionView.swift */,
				F001000F /* JobsSectionView.swift */,
			);
			path = Discovery;
			sourceTree = "<group>";
		};
		G001000A /* Detail */ = {
			isa = PBXGroup;
			children = (
				F0010010 /* PaperDetailView.swift */,
				F0010011 /* EventDetailView.swift */,
				F0010012 /* JobDetailView.swift */,
			);
			path = Detail;
			sourceTree = "<group>";
		};
		G001000B /* Profile */ = {
			isa = PBXGroup;
			children = (
				F0010013 /* ProfileView.swift */,
			);
			path = Profile;
			sourceTree = "<group>";
		};
/* End PBXGroup section */

/* Begin PBXNativeTarget section */
		T0010001 /* Hermes */ = {
			isa = PBXNativeTarget;
			buildConfigurationList = C0010001 /* Build configuration list for PBXNativeTarget "Hermes" */;
			buildPhases = (
				S0010001 /* Sources */,
				D0010001 /* Frameworks */,
				R0010001 /* Resources */,
			);
			buildRules = (
			);
			dependencies = (
			);
			name = Hermes;
			productName = Hermes;
			productReference = E0010000 /* Hermes.app */;
			productType = "com.apple.product-type.application";
		};
/* End PBXNativeTarget section */

/* Begin PBXProject section */
		P0010001 /* Project object */ = {
			isa = PBXProject;
			attributes = {
				BuildIndependentTargetsInParallel = 1;
				LastSwiftUpdateCheck = 1500;
				LastUpgradeCheck = 1500;
			};
			buildConfigurationList = C0010002 /* Build configuration list for PBXProject "Hermes" */;
			compatibilityVersion = "Xcode 14.0";
			developmentRegion = en;
			hasScannedForEncodings = 0;
			knownRegions = (
				en,
				Base,
			);
			mainGroup = G0010000;
			productRefGroup = G0010002 /* Products */;
			projectDirPath = "";
			projectRoot = "";
			targets = (
				T0010001 /* Hermes */,
			);
		};
/* End PBXProject section */

/* Begin PBXResourcesBuildPhase section */
		R0010001 /* Resources */ = {
			isa = PBXResourcesBuildPhase;
			buildActionMask = 2147483647;
			files = (
				B0010014 /* Assets.xcassets in Resources */,
			);
			runOnlyForDeploymentPostprocessing = 0;
		};
/* End PBXResourcesBuildPhase section */

/* Begin PBXSourcesBuildPhase section */
		S0010001 /* Sources */ = {
			isa = PBXSourcesBuildPhase;
			buildActionMask = 2147483647;
			files = (
				B0010001 /* HermesApp.swift in Sources */,
				B0010002 /* Theme.swift in Sources */,
				B0010003 /* Paper.swift in Sources */,
				B0010004 /* Event.swift in Sources */,
				B0010005 /* Job.swift in Sources */,
				B0010006 /* UserProfile.swift in Sources */,
				B0010007 /* FeedState.swift in Sources */,
				B0010008 /* ProfileState.swift in Sources */,
				B0010009 /* RecommendationService.swift in Sources */,
				B001000A /* MainTabView.swift in Sources */,
				B001000B /* DiscoveryView.swift in Sources */,
				B001000C /* FeedCardView.swift in Sources */,
				B001000D /* PapersSectionView.swift in Sources */,
				B001000E /* EventsSectionView.swift in Sources */,
				B001000F /* JobsSectionView.swift in Sources */,
				B0010010 /* PaperDetailView.swift in Sources */,
				B0010011 /* EventDetailView.swift in Sources */,
				B0010012 /* JobDetailView.swift in Sources */,
				B0010013 /* ProfileView.swift in Sources */,
			);
			runOnlyForDeploymentPostprocessing = 0;
		};
/* End PBXSourcesBuildPhase section */

/* Begin XCBuildConfiguration section */
		X0010001 /* Debug */ = {
			isa = XCBuildConfiguration;
			buildSettings = {
				ALWAYS_SEARCH_USER_PATHS = NO;
				ASSETCATALOG_COMPILER_GENERATE_SWIFT_ASSET_SYMBOL_EXTENSIONS = YES;
				CLANG_ANALYZER_NONNULL = YES;
				CLANG_ENABLE_MODULES = YES;
				CLANG_ENABLE_OBJC_ARC = YES;
				COPY_PHASE_STRIP = NO;
				DEBUG_INFORMATION_FORMAT = dwarf;
				ENABLE_STRICT_OBJC_MSGSEND = YES;
				ENABLE_TESTABILITY = YES;
				GCC_OPTIMIZATION_LEVEL = 0;
				IPHONEOS_DEPLOYMENT_TARGET = 17.0;
				MTL_ENABLE_DEBUG_INFO = INCLUDE_SOURCE;
				MTL_FAST_MATH = YES;
				ONLY_ACTIVE_ARCH = YES;
				SDKROOT = iphoneos;
				SWIFT_ACTIVE_COMPILATION_CONDITIONS = "DEBUG $(inherited)";
				SWIFT_OPTIMIZATION_LEVEL = "-Onone";
			};
			name = Debug;
		};
		X0010002 /* Release */ = {
			isa = XCBuildConfiguration;
			buildSettings = {
				ALWAYS_SEARCH_USER_PATHS = NO;
				ASSETCATALOG_COMPILER_GENERATE_SWIFT_ASSET_SYMBOL_EXTENSIONS = YES;
				CLANG_ANALYZER_NONNULL = YES;
				CLANG_ENABLE_MODULES = YES;
				CLANG_ENABLE_OBJC_ARC = YES;
				COPY_PHASE_STRIP = NO;
				DEBUG_INFORMATION_FORMAT = "dwarf-with-dsym";
				ENABLE_NS_ASSERTIONS = NO;
				ENABLE_STRICT_OBJC_MSGSEND = YES;
				GCC_OPTIMIZATION_LEVEL = s;
				IPHONEOS_DEPLOYMENT_TARGET = 17.0;
				MTL_ENABLE_DEBUG_INFO = NO;
				MTL_FAST_MATH = YES;
				SDKROOT = iphoneos;
				SWIFT_COMPILATION_MODE = wholemodule;
				VALIDATE_PRODUCT = YES;
			};
			name = Release;
		};
		X0010003 /* Debug */ = {
			isa = XCBuildConfiguration;
			buildSettings = {
				ASSETCATALOG_COMPILER_APPICON_NAME = AppIcon;
				ASSETCATALOG_COMPILER_GLOBAL_ACCENT_COLOR_NAME = AccentColor;
				CODE_SIGN_STYLE = Automatic;
				CURRENT_PROJECT_VERSION = 1;
				DEVELOPMENT_ASSET_PATHS = "";
				ENABLE_PREVIEWS = YES;
				GENERATE_INFOPLIST_FILE = YES;
				INFOPLIST_KEY_UIApplicationSceneManifest_Generation = YES;
				INFOPLIST_KEY_UIApplicationSupportsIndirectInputEvents = YES;
				INFOPLIST_KEY_UILaunchScreen_Generation = YES;
				INFOPLIST_KEY_UISupportedInterfaceOrientations_iPad = "UIInterfaceOrientationPortrait UIInterfaceOrientationPortraitUpsideDown UIInterfaceOrientationLandscapeLeft UIInterfaceOrientationLandscapeRight";
				INFOPLIST_KEY_UISupportedInterfaceOrientations_iPhone = "UIInterfaceOrientationPortrait UIInterfaceOrientationLandscapeLeft UIInterfaceOrientationLandscapeRight";
				LD_RUNPATH_SEARCH_PATHS = (
					"$(inherited)",
					"@executable_path/Frameworks",
				);
				MARKETING_VERSION = 1.0;
				PRODUCT_BUNDLE_IDENTIFIER = com.hermes.app;
				PRODUCT_NAME = "$(TARGET_NAME)";
				SWIFT_EMIT_LOC_STRINGS = YES;
				SWIFT_VERSION = 5.0;
				TARGETED_DEVICE_FAMILY = "1,2";
			};
			name = Debug;
		};
		X0010004 /* Release */ = {
			isa = XCBuildConfiguration;
			buildSettings = {
				ASSETCATALOG_COMPILER_APPICON_NAME = AppIcon;
				ASSETCATALOG_COMPILER_GLOBAL_ACCENT_COLOR_NAME = AccentColor;
				CODE_SIGN_STYLE = Automatic;
				CURRENT_PROJECT_VERSION = 1;
				DEVELOPMENT_ASSET_PATHS = "";
				ENABLE_PREVIEWS = YES;
				GENERATE_INFOPLIST_FILE = YES;
				INFOPLIST_KEY_UIApplicationSceneManifest_Generation = YES;
				INFOPLIST_KEY_UIApplicationSupportsIndirectInputEvents = YES;
				INFOPLIST_KEY_UILaunchScreen_Generation = YES;
				INFOPLIST_KEY_UISupportedInterfaceOrientations_iPad = "UIInterfaceOrientationPortrait UIInterfaceOrientationPortraitUpsideDown UIInterfaceOrientationLandscapeLeft UIInterfaceOrientationLandscapeRight";
				INFOPLIST_KEY_UISupportedInterfaceOrientations_iPhone = "UIInterfaceOrientationPortrait UIInterfaceOrientationLandscapeLeft UIInterfaceOrientationLandscapeRight";
				LD_RUNPATH_SEARCH_PATHS = (
					"$(inherited)",
					"@executable_path/Frameworks",
				);
				MARKETING_VERSION = 1.0;
				PRODUCT_BUNDLE_IDENTIFIER = com.hermes.app;
				PRODUCT_NAME = "$(TARGET_NAME)";
				SWIFT_EMIT_LOC_STRINGS = YES;
				SWIFT_VERSION = 5.0;
				TARGETED_DEVICE_FAMILY = "1,2";
			};
			name = Release;
		};
/* End XCBuildConfiguration section */

/* Begin XCConfigurationList section */
		C0010001 /* Build configuration list for PBXNativeTarget "Hermes" */ = {
			isa = XCConfigurationList;
			buildConfigurations = (
				X0010003 /* Debug */,
				X0010004 /* Release */,
			);
			defaultConfigurationIsVisible = 0;
			defaultConfigurationName = Release;
		};
		C0010002 /* Build configuration list for PBXProject "Hermes" */ = {
			isa = XCConfigurationList;
			buildConfigurations = (
				X0010001 /* Debug */,
				X0010002 /* Release */,
			);
			defaultConfigurationIsVisible = 0;
			defaultConfigurationName = Release;
		};
/* End XCConfigurationList section */
	};
	rootObject = P0010001 /* Project object */;
}
